
Microsoft Visual Studio Solution File, Format Version 12.00
# Visual Studio Version 16
VisualStudioVersion = 16.0.31624.102
MinimumVisualStudioVersion = 10.0.40219.1
Project("{FAE04EC0-301F-11D3-BF4B-00C04F79EFBC}") = "Calculator", "Calculator\Calculator.csproj", "{FEA6CC6F-16A4-4723-8BAF-E0600152ACF3}"
EndProject
Global
	GlobalSection(SolutionConfigurationPlatforms) = preSolution
		Debug|Any CPU = Debug|Any CPU
		Release|Any CPU = Release|Any CPU
	EndGlobalSection
	GlobalSection(ProjectConfigurationPlatforms) = postSolution
		{FEA6CC6F-16A4-4723-8BAF-E0600152ACF3}.Debug|Any CPU.ActiveCfg = Debug|Any CPU
		{FEA6CC6F-16A4-4723-8BAF-E0600152ACF3}.Debug|Any CPU.Build.0 = Debug|Any CPU
		{FEA6CC6F-16A4-4723-8BAF-E0600152ACF3}.Release|Any CPU.ActiveCfg = Release|Any CPU
		{FEA6CC6F-16A4-4723-8BAF-E0600152ACF3}.Release|Any CPU.Build.0 = Release|Any CPU
	EndGlobalSection
	GlobalSection(SolutionProperties) = preSolution
		HideSolutionNode = FALSE
	EndGlobalSection
	GlobalSection(ExtensibilityGlobals) = postSolution
		SolutionGuid = {1CC01B0C-435F-4EF8-B737-2727695A34B1}
	EndGlobalSection
EndGlobal
